<Solution>
  <Folder Name="/src/">
    <Project Path="src/KnowHowToAI.Core/KnowHowToAI.Core.csproj" />
    <Project Path="src/KnowHowToAI.Storage.SqlServer/KnowHowToAI.Storage.SqlServer.csproj" />
    <Project Path="src/KnowHowToAI.Server/KnowHowToAI.Server.csproj" />
  </Folder>
  <Folder Name="/tests/">
    <Project Path="tests/KnowHowToAI.Core.Tests/KnowHowToAI.Core.Tests.csproj" />
    <Project Path="tests/KnowHowToAI.IntegrationTests/KnowHowToAI.IntegrationTests.csproj" />
  </Folder>
</Solution>
